# This file is automatically @generated by Poetry 1.8.3 and should not be changed by hand.

[[package]]
name = "aioimaplib"
version = "1.0.1"
description = "Python asyncio IMAP4rev1 client library"
optional = false
python-versions = "*"
files = [
    {file = "aioimaplib-1.0.1-py3-none-any.whl", hash = "sha256:ebf8387a8febf4d4ae21b35a54cc7c9f4b77c3a7132e3e50c7d6a14993b07bf3"},
    {file = "aioimaplib-1.0.1.tar.gz", hash = "sha256:287fd8a2386f2ff301ac4f8479633292dae80e223e8e40ce2f38038784822afa"},
]

[metadata]
lock-version = "2.0"
python-versions = "^3.11"
content-hash = "2bd870880d7a21b2c10ae350af75db6f5287116caaa33d0f55d048c4c28dce36"
