# This file is automatically @generated by Poetry 1.8.4 and should not be changed by hand.

[[package]]
name = "aioimaplib"
version = "1.1.0"
description = "Python asyncio IMAP4rev1 client library"
optional = false
python-versions = "*"
files = [
    {file = "aioimaplib-1.1.0-py3-none-any.whl", hash = "sha256:927b1d24b58e2fd918037bcb4b8dd7f6d42a111ee409969a7c472ed66c5b670f"},
]

[metadata]
lock-version = "2.0"
python-versions = "^3.11"
content-hash = "2bd870880d7a21b2c10ae350af75db6f5287116caaa33d0f55d048c4c28dce36"
